
Microsoft Visual Studio Solution File, Format Version 12.00
# Visual Studio Version 17
VisualStudioVersion = 17.7.34202.233
MinimumVisualStudioVersion = 10.0.40219.1
Project("{FAE04EC0-301F-11D3-BF4B-00C04F79EFBC}") = "PublicTransportRoutes", "PublicTransportRoutes.csproj", "{B42547A3-D72A-4533-AFE8-62A0BD85539D}"
EndProject
Global
	GlobalSection(SolutionConfigurationPlatforms) = preSolution
		Debug|Any CPU = Debug|Any CPU
		Release|Any CPU = Release|Any CPU
	EndGlobalSection
	GlobalSection(ProjectConfigurationPlatforms) = postSolution
		{B42547A3-D72A-4533-AFE8-62A0BD85539D}.Debug|Any CPU.ActiveCfg = Debug|Any CPU
		{B42547A3-D72A-4533-AFE8-62A0BD85539D}.Debug|Any CPU.Build.0 = Debug|Any CPU
		{B42547A3-D72A-4533-AFE8-62A0BD85539D}.Release|Any CPU.ActiveCfg = Release|Any CPU
		{B42547A3-D72A-4533-AFE8-62A0BD85539D}.Release|Any CPU.Build.0 = Release|Any CPU
	EndGlobalSection
	GlobalSection(SolutionProperties) = preSolution
		HideSolutionNode = FALSE
	EndGlobalSection
	GlobalSection(ExtensibilityGlobals) = postSolution
		SolutionGuid = {1A1D835D-B1EE-4380-A105-D8B6F6274F18}
	EndGlobalSection
EndGlobal
